lockfileVersion: '9.0'

settings:
  autoInstallPeers: true
  excludeLinksFromLockfile: false

importers:

  .:
    dependencies:
      '@fhevm/solidity':
        specifier: ^0.11.1
        version: 0.11.1
      '@openzeppelin/confidential-contracts':
        specifier: ^0.4.0
        version: 0.4.0(@fhevm/solidity@0.11.1)(@openzeppelin/contracts-upgradeable@5.6.1(@openzeppelin/contracts@5.6.1))(@openzeppelin/contracts@5.6.1)
      '@openzeppelin/contracts':
        specifier: ^5.1.0
        version: 5.6.1
      encrypted-types:
        specifier: ^0.0.4
        version: 0.0.4

packages:

  '@fhevm/solidity@0.11.1':
    resolution: {integrity: sha512-KBHCF0an1sOqoABJ30p5foldSHy14F3jaQmYX+BKogpUJ1OFhNMzYfRkmPkJkwetyDcYg/euXcYQncYgHRT9aQ==}
    engines: {node: '>=20.0.0'}

  '@openzeppelin/confidential-contracts@0.4.0':
    resolution: {integrity: sha512-rbglV+wWYyN1bc6ogoqArQh+5rwQjzOtU7+/Arr1pVk5T5rW9IuAPC6IEl88rNb0RuAiupK2ytqu9CwITlZg8g==}
    peerDependencies:
      '@fhevm/solidity': 0.11.1
      '@openzeppelin/contracts': ^5.6.1
      '@openzeppelin/contracts-upgradeable': ^5.6.1

  '@openzeppelin/contracts-upgradeable@5.6.1':
    resolution: {integrity: sha512-n4a/vfRs114lXyUdYg7pyY8LvFKWvCDF5lEcRRAVxap8g6ZEdLqm+9tmt2zTtRHcNMxTYp9y5t6KBof4tHp7Og==}
    peerDependencies:
      '@openzeppelin/contracts': 5.6.1

  '@openzeppelin/contracts@5.6.1':
    resolution: {integrity: sha512-Ly6SlsVJ3mj+b18W3R8gNufB7dTICT105fJhodGAGgyC2oqnBAhqSiNDJ8V8DLY05cCz81GLI0CU5vNYA1EC/w==}

  encrypted-types@0.0.4:
    resolution: {integrity: sha512-f55ccBBUwvqWqr3ymAVOLZ6bzjsSQZlDN0GcKFmzkvTpml4Vm3Y6BCaHhCuW/ctrabTJJ3DFnUsjtFOpokJUaQ==}

  solidity-comments-darwin-arm64@0.1.1:
    resolution: {integrity: sha512-ze1+YboHm8tRJXCoFEsxtU1gpvQ3rCH55xMtBH6dtyh1/gz4qrKCOUBaAP+IHplbzCacZBn+Pz3UmMDOoGshRw==}
    engines: {node: '>= 10'}
    cpu: [arm64]
    os: [darwin]

  solidity-comments-linux-x64-gnu@0.1.1:
    resolution: {integrity: sha512-oiU4yhh1Q9SeGXQ+/sogfTNoOkU8I8IvlIeotBQziTOonUHrxQk4E63kNiYGPDn5ZbB3BhKFmGHNRNrkufsxcQ==}
    engines: {node: '>= 10'}
    cpu: [x64]
    os: [linux]
    libc: [glibc]

snapshots:

  '@fhevm/solidity@0.11.1':
    dependencies:
      encrypted-types: 0.0.4
    optionalDependencies:
      solidity-comments-darwin-arm64: 0.1.1
      solidity-comments-linux-x64-gnu: 0.1.1

  '@openzeppelin/confidential-contracts@0.4.0(@fhevm/solidity@0.11.1)(@openzeppelin/contracts-upgradeable@5.6.1(@openzeppelin/contracts@5.6.1))(@openzeppelin/contracts@5.6.1)':
    dependencies:
      '@fhevm/solidity': 0.11.1
      '@openzeppelin/contracts': 5.6.1
      '@openzeppelin/contracts-upgradeable': 5.6.1(@openzeppelin/contracts@5.6.1)

  '@openzeppelin/contracts-upgradeable@5.6.1(@openzeppelin/contracts@5.6.1)':
    dependencies:
      '@openzeppelin/contracts': 5.6.1

  '@openzeppelin/contracts@5.6.1': {}

  encrypted-types@0.0.4: {}

  solidity-comments-darwin-arm64@0.1.1:
    optional: true

  solidity-comments-linux-x64-gnu@0.1.1:
    optional: true
